
Microsoft Visual Studio Solution File, Format Version 12.00
# Visual Studio Version 16
VisualStudioVersion = 16.0.29926.136
MinimumVisualStudioVersion = 10.0.40219.1
Project("{8BC9CEB8-8B4A-11D0-8D11-00A0C91BC942}") = "c200516-disjointedset", "c200516-disjointedset\c200516-disjointedset.vcxproj", "{2BFBCC81-9F12-4263-B7D8-8EBCF444C60F}"
EndProject
Global
	GlobalSection(SolutionConfigurationPlatforms) = preSolution
		Debug|x64 = Debug|x64
		Debug|x86 = Debug|x86
		Release|x64 = Release|x64
		Release|x86 = Release|x86
	EndGlobalSection
	GlobalSection(ProjectConfigurationPlatforms) = postSolution
		{2BFBCC81-9F12-4263-B7D8-8EBCF444C60F}.Debug|x64.ActiveCfg = Debug|x64
		{2BFBCC81-9F12-4263-B7D8-8EBCF444C60F}.Debug|x64.Build.0 = Debug|x64
		{2BFBCC81-9F12-4263-B7D8-8EBCF444C60F}.Debug|x86.ActiveCfg = Debug|Win32
		{2BFBCC81-9F12-4263-B7D8-8EBCF444C60F}.Debug|x86.Build.0 = Debug|Win32
		{2BFBCC81-9F12-4263-B7D8-8EBCF444C60F}.Release|x64.ActiveCfg = Release|x64
		{2BFBCC81-9F12-4263-B7D8-8EBCF444C60F}.Release|x64.Build.0 = Release|x64
		{2BFBCC81-9F12-4263-B7D8-8EBCF444C60F}.Release|x86.ActiveCfg = Release|Win32
		{2BFBCC81-9F12-4263-B7D8-8EBCF444C60F}.Release|x86.Build.0 = Release|Win32
	EndGlobalSection
	GlobalSection(SolutionProperties) = preSolution
		HideSolutionNode = FALSE
	EndGlobalSection
	GlobalSection(ExtensibilityGlobals) = postSolution
		SolutionGuid = {B288DB46-6C4E-4840-9CAB-31A8E9E08678}
	EndGlobalSection
EndGlobal
