
Microsoft Visual Studio Solution File, Format Version 12.00
# Visual Studio Version 16
VisualStudioVersion = 16.0.29926.136
MinimumVisualStudioVersion = 10.0.40219.1
Project("{8BC9CEB8-8B4A-11D0-8D11-00A0C91BC942}") = "c200407-Linked-002", "c200407-Linked-002\c200407-Linked-002.vcxproj", "{86E63785-720E-494A-8FF7-F4AEABD035FC}"
EndProject
Global
	GlobalSection(SolutionConfigurationPlatforms) = preSolution
		Debug|x64 = Debug|x64
		Debug|x86 = Debug|x86
		Release|x64 = Release|x64
		Release|x86 = Release|x86
	EndGlobalSection
	GlobalSection(ProjectConfigurationPlatforms) = postSolution
		{86E63785-720E-494A-8FF7-F4AEABD035FC}.Debug|x64.ActiveCfg = Debug|x64
		{86E63785-720E-494A-8FF7-F4AEABD035FC}.Debug|x64.Build.0 = Debug|x64
		{86E63785-720E-494A-8FF7-F4AEABD035FC}.Debug|x86.ActiveCfg = Debug|Win32
		{86E63785-720E-494A-8FF7-F4AEABD035FC}.Debug|x86.Build.0 = Debug|Win32
		{86E63785-720E-494A-8FF7-F4AEABD035FC}.Release|x64.ActiveCfg = Release|x64
		{86E63785-720E-494A-8FF7-F4AEABD035FC}.Release|x64.Build.0 = Release|x64
		{86E63785-720E-494A-8FF7-F4AEABD035FC}.Release|x86.ActiveCfg = Release|Win32
		{86E63785-720E-494A-8FF7-F4AEABD035FC}.Release|x86.Build.0 = Release|Win32
	EndGlobalSection
	GlobalSection(SolutionProperties) = preSolution
		HideSolutionNode = FALSE
	EndGlobalSection
	GlobalSection(ExtensibilityGlobals) = postSolution
		SolutionGuid = {65478B4A-DF1E-4D16-9F00-F857D4C8B178}
	EndGlobalSection
EndGlobal
